
Microsoft Visual Studio Solution File, Format Version 12.00
# Visual Studio 2017
Project("{FAE04EC0-301F-11D3-BF4B-00C04F79EFBC}") = "BW", "BW.csproj", "{995FF415-CF4F-387E-2CF7-5D5C310ED66F}"
EndProject
Global
	GlobalSection(SolutionConfigurationPlatforms) = preSolution
		Debug|Any CPU = Debug|Any CPU
		Release|Any CPU = Release|Any CPU
	EndGlobalSection
	GlobalSection(ProjectConfigurationPlatforms) = postSolution
		{995FF415-CF4F-387E-2CF7-5D5C310ED66F}.Debug|Any CPU.ActiveCfg = Debug|Any CPU
		{995FF415-CF4F-387E-2CF7-5D5C310ED66F}.Debug|Any CPU.Build.0 = Debug|Any CPU
		{995FF415-CF4F-387E-2CF7-5D5C310ED66F}.Release|Any CPU.ActiveCfg = Release|Any CPU
		{995FF415-CF4F-387E-2CF7-5D5C310ED66F}.Release|Any CPU.Build.0 = Release|Any CPU
	EndGlobalSection
	GlobalSection(SolutionProperties) = preSolution
		HideSolutionNode = FALSE
	EndGlobalSection
EndGlobal
